
Microsoft Visual Studio Solution File, Format Version 12.00
# Visual Studio Version 17
VisualStudioVersion = 17.5.33530.505
MinimumVisualStudioVersion = 10.0.40219.1
Project("{FAE04EC0-301F-11D3-BF4B-00C04F79EFBC}") = "eTickets", "eTickets\eTickets.csproj", "{2FB30C89-4247-4505-B19A-F4DAAEF22743}"
EndProject
Global
	GlobalSection(SolutionConfigurationPlatforms) = preSolution
		Debug|Any CPU = Debug|Any CPU
		Release|Any CPU = Release|Any CPU
	EndGlobalSection
	GlobalSection(ProjectConfigurationPlatforms) = postSolution
		{2FB30C89-4247-4505-B19A-F4DAAEF22743}.Debug|Any CPU.ActiveCfg = Debug|Any CPU
		{2FB30C89-4247-4505-B19A-F4DAAEF22743}.Debug|Any CPU.Build.0 = Debug|Any CPU
		{2FB30C89-4247-4505-B19A-F4DAAEF22743}.Release|Any CPU.ActiveCfg = Release|Any CPU
		{2FB30C89-4247-4505-B19A-F4DAAEF22743}.Release|Any CPU.Build.0 = Release|Any CPU
	EndGlobalSection
	GlobalSection(SolutionProperties) = preSolution
		HideSolutionNode = FALSE
	EndGlobalSection
	GlobalSection(ExtensibilityGlobals) = postSolution
		SolutionGuid = {477DE41A-7305-4C91-81F2-22135241FC08}
	EndGlobalSection
EndGlobal
